{
  "lockfileVersion": 2,
  "configVersion": 1,
  "workspaces": {
    "": {
      "name": "example-websockets-bun",
      "dependencies": {
        "@tsed/ajv": "^8.38.4",
        "@tsed/core": "^8.38.4",
        "@tsed/di": "^8.38.4",
        "@tsed/exceptions": "^8.38.4",
        "@tsed/json-mapper": "^8.38.4",
        "@tsed/logger": "^8.0.5",
        "@tsed/schema": "^8.38.4",
        "uuid": "^14.0.2",
      },
      "devDependencies": {
        "@types/bun": "^1.4.2",
        "typescript": "6.0.3",
      },
    },
  },
  "packages": {
    "@tsed/ajv": ["@tsed/ajv@8.38.4", "", { "dependencies": { "ajv-errors": "3.0.0", "ajv-formats": "3.0.1", "tslib": ">=2.7.0" }, "peerDependencies": { "@tsed/core": ">=8.0.0", "@tsed/di": ">=8.0.0", "@tsed/exceptions": ">=8.0.0", "@tsed/schema": ">=8.0.0", "ajv": ">=8.9.0" } }, "sha512-OEhJTCVs11LVwzLJ6N1ZUDQRA6hQnAC6H5ApWxMrMDO2m4HGt+gGzNhxRYiiF/IUkTqwoF0oIxx5S9JC3iXoTA=="],

    "@tsed/core": ["@tsed/core@8.38.4", "", { "dependencies": { "reflect-metadata": "^0.2.2", "tslib": ">=2.7.0" } }, "sha512-+EpE53NdJL+rV+shH7GvmhtE8isk0pYi9cvjt9SD8HhsMZmRSA7FReHH/jWci6zcG+ZtaTlj0AQUC4hi3oGftQ=="],

    "@tsed/di": ["@tsed/di@8.38.4", "", { "dependencies": { "tslib": ">=2.7.0", "uuid": "^14.0.0" }, "peerDependencies": { "@tsed/core": ">=8.0.0", "@tsed/hooks": ">=8.0.0", "@tsed/logger": ">=8.0.0" } }, "sha512-oBKi4Zo6ocjPjEfPuuNK6VinF0z/RJrE5vBWGhn38qgtySB6qIwQna98WKjBvt2vslp8gUQFTvzKVzGXjSrDKw=="],

    "@tsed/exceptions": ["@tsed/exceptions@8.38.4", "", { "dependencies": { "change-case": "^5.4.4", "statuses": "^2.0.1", "tslib": ">=2.7.0" }, "peerDependencies": { "@tsed/core": ">=8.0.0" } }, "sha512-Z2CvtdFPtBSduovZVnW/0HNltZQFnSAG6Mmd6iJ01CRI16/2EonUWiGUedQyqzOH5ou54PZn2Y0rJ0Uu044nbA=="],

    "@tsed/hooks": ["@tsed/hooks@8.38.4", "", { "dependencies": { "reflect-metadata": "^0.2.2", "tslib": ">=2.7.0" } }, "sha512-z7aHljzguvv5/TvrvQwuWU7QsAfB4mf4GLXhLOe7lOhhZB33xHi8pe93XOyl/GmG5v4QslH00Ipz/11iTLOq2A=="],

    "@tsed/json-mapper": ["@tsed/json-mapper@8.38.4", "", { "dependencies": { "tslib": ">=2.7.0" }, "peerDependencies": { "@tsed/core": ">=8.0.0", "@tsed/schema": ">=8.0.0" } }, "sha512-IYjHLJHmk3+p+Ihe7MhsPm0uRyhRTyC9VzGw/WII1vAw6LDtW9N/z51dJKf44ljQv7zgJ0/SOcZGJWYn/IbKiw=="],

    "@tsed/logger": ["@tsed/logger@8.0.5", "", { "dependencies": { "colors": "1.4.0", "semver": "^7.7.2", "tslib": "2.8.1" } }, "sha512-C5ZNQ5iglOKXiK8C+yQeCcupFi429f2u53gLmX27tnIwoTpyHeX76tTvQx+AxXIvv712LSxmsNR8wka7fBDkVw=="],

    "@tsed/openspec": ["@tsed/openspec@8.38.4", "", {}, "sha512-fY4YGhxlY4QJNka0apHXsIYi9M6yy/Wlr+eMybPCsUI3F33WoNUMXXO9ABN4Jf9Oqu48RzM2gzFyiO2Chy8pdQ=="],

    "@tsed/schema": ["@tsed/schema@8.38.4", "", { "dependencies": { "@tsed/openspec": "8.38.4", "change-case": "^5.4.4", "json-schema": "0.4.0", "picomatch": "4.0.4", "statuses": "^2.0.1", "tslib": ">=2.7.0" }, "peerDependencies": { "@tsed/core": ">=8.0.0", "@tsed/hooks": ">=8.0.0" } }, "sha512-4Yb0A3JztezaDjWYe5ZB9dd4bGPSCLoDKKU/ZEIbshNNhDnRXqn/EY8iGC5cSnJNmcpzIDm9QWfc8zTQBotnAA=="],

    "@types/bun": ["@types/bun@1.4.2", "", { "dependencies": { "bun-types": "1.4.2" } }, "sha512-GimotNn7+ZV0uVArItBbriZsR1oNf0+WTzPkdcFrzShI7k2norL0uzEaJT8T33dWr7O/c9ZDuAFQrctKCi72oQ=="],

    "@types/node": ["@types/node@22.20.2", "", { "dependencies": { "undici-types": "~6.21.0" } }, "sha512-xlvWf4Vs9n1PEVYwP1n4vvG07M6y8WgvJ2t0vbrWTmijsIHp1cS+uJ2kMIRdY3nHZK0nCYKrPeD171+SzF4/zw=="],

    "ajv": ["ajv@8.20.0", "", { "dependencies": { "fast-deep-equal": "^3.1.3", "fast-uri": "^3.0.1", "json-schema-traverse": "^1.0.0", "require-from-string": "^2.0.2" } }, "sha512-Thbli+OlOj+iMPYFBVBfJ3OmCAnaSyNn4M1vz9T6Gka5Jt9ba/HIR56joy65tY6kx/FCF5VXNB819Y7/GUrBGA=="],

    "ajv-errors": ["ajv-errors@3.0.0", "", { "peerDependencies": { "ajv": "^8.0.1" } }, "sha512-V3wD15YHfHz6y0KdhYFjyy9vWtEVALT9UrxfN3zqlI6dMioHnJrqOYfyPKol3oqrnCM9uwkcdCwkJ0WUcbLMTQ=="],

    "ajv-formats": ["ajv-formats@3.0.1", "", { "dependencies": { "ajv": "^8.0.0" } }, "sha512-8iUql50EUR+uUcdRQ3HDqa6EVyo3docL8g5WJ3FNcWmu62IbkGUue/pEyLBW8VGKKucTPgqeks4fIU1DA4yowQ=="],

    "bun-types": ["bun-types@1.4.2", "", { "dependencies": { "@types/node": "*" } }, "sha512-bxV1FgK7yBIzjRe5zBozIM4Bem11ZJcCXSrjWRG3YWLt8yFDePu4cLjpebO8OvPeIE9trbyPF4fuj3Cia4Fj3w=="],

    "change-case": ["change-case@5.4.4", "", {}, "sha512-HRQyTk2/YPEkt9TnUPbOpr64Uw3KOicFWPVBb+xiHvd6eBx/qPr9xqfBFDT8P2vWsvvz4jbEkfDe71W3VyNu2w=="],

    "colors": ["colors@1.4.0", "", {}, "sha512-a+UqTh4kgZg/SlGvfbzDHpgRu7AAQOmmqRHJnxhRZICKFUT91brVhNNt58CMWU9PsBbv3PDCZUHbVxuDiH2mtA=="],

    "fast-deep-equal": ["fast-deep-equal@3.1.3", "", {}, "sha512-f3qQ9oQy9j2AhBe/H9VC91wLmKBCCU/gDOnKNAYG5hswO7BLKj09Hc5HYNz9cGI++xlpDCIgDaitVs03ATR84Q=="],

    "fast-uri": ["fast-uri@3.1.7", "", {}, "sha512-dOvZVzjdZdz7phd9v6jCbwxrBW3fK6n8Rc0CtdmM4bumzMnxywBYhuph6J819RRw/ku+rLbelwfMunktuzVVHg=="],

    "json-schema": ["json-schema@0.4.0", "", {}, "sha512-es94M3nTIfsEPisRafak+HDLfHXnKBhV3vU5eqPcS3flIWqcxJWgXHXiey3YrpaNsanY5ei1VoYEbOzijuq9BA=="],

    "json-schema-traverse": ["json-schema-traverse@1.0.0", "", {}, "sha512-NM8/P9n3XjXhIZn1lLhkFaACTOURQXjWhV4BA/RnOv8xvgqtqpAX9IO4mRQxSx1Rlo4tqzeqb0sOlruaOy3dug=="],

    "picomatch": ["picomatch@4.0.4", "", {}, "sha512-QP88BAKvMam/3NxH6vj2o21R6MjxZUAd6nlwAS/pnGvN9IVLocLHxGYIzFhg6fUQ+5th6P4dv4eW9jX3DSIj7A=="],

    "reflect-metadata": ["reflect-metadata@0.2.2", "", {}, "sha512-urBwgfrvVP/eAyXx4hluJivBKzuEbSQs9rKWCrCkbSxNv8mxPcUZKeuoF3Uy4mJl3Lwprp6yy5/39VWigZ4K6Q=="],

    "require-from-string": ["require-from-string@2.0.2", "", {}, "sha512-Xf0nWe6RseziFMu+Ap9biiUbmplq6S9/p+7w7YXP/JBHhrUDDUhwa+vANyubuqfZWTveU//DYVGsDG7RKL/vEw=="],

    "semver": ["semver@7.8.5", "", { "bin": { "semver": "bin/semver.js" } }, "sha512-Y7/KDsb8LjooZpwaqGyulO6DQlksgCncchHGk+sZIY4SBvUocMBEFH5Ur1fI4dV+Jvl0w6cjvucaIi40puRioA=="],

    "statuses": ["statuses@2.0.2", "", {}, "sha512-DvEy55V3DB7uknRo+4iOGT5fP1slR8wQohVdknigZPMpMstaKJQWhwiYBACJE3Ul2pTnATihhBYnRhZQHGBiRw=="],

    "tslib": ["tslib@2.8.1", "", {}, "sha512-oJFu94HQb+KVduSUQL7wnpmqnfmLsOA/nAh6b6EH0wCEoK0/mPeXU6c3wKDV83MkOuHPRHtSXKKU99IBazS/2w=="],

    "typescript": ["typescript@6.0.3", "", { "bin": { "tsc": "bin/tsc", "tsserver": "bin/tsserver" } }, "sha512-y2TvuxSZPDyQakkFRPZHKFm+KKVqIisdg9/CZwm9ftvKXLP8NRWj38/ODjNbr43SsoXqNuAisEf1GdCxqWcdBw=="],

    "undici-types": ["undici-types@6.21.0", "", {}, "sha512-iwDZqg0QAGrg9Rav5H4n0M64c3mkR59cJ6wQp+7C4nI0gsmExaedaYLNO44eT4AtBBwjbTiGPMlt2Md0T9H9JQ=="],

    "uuid": ["uuid@14.0.2", "", { "bin": { "uuid": "dist-node/bin/uuid" } }, "sha512-xZe/16rV4aa+HGSOCiY2YeLT1OybRLrrkL/Rqaq7p7GMVXjFh+6wN4oMYgjFmnSnhY8t6Xpdl2l9qmnHYuMHwQ=="],
  }
}
