{
  "lockfileVersion": 2,
  "configVersion": 1,
  "workspaces": {
    "": {
      "name": "example-websockets-bun",
      "dependencies": {
        "@tsed/ajv": "^8.38.4",
        "@tsed/core": "^8.38.4",
        "@tsed/di": "^8.38.4",
        "@tsed/exceptions": "^8.38.4",
        "@tsed/json-mapper": "^8.38.4",
        "@tsed/logger": "^8.0.5",
        "@tsed/schema": "^8.38.4",
        "uuid": "^14.0.2",
      },
      "devDependencies": {
        "@types/bun": "^1.4.2",
        "typescript": "6.0.3",
      },
    },
    "packages/server": {
      "name": "@cookids/server",
      "dependencies": {
        "@tsed/ajv": "^8.38.4",
        "@tsed/di": "^8.38.4",
        "@tsed/exceptions": "^8.38.4",
        "@tsed/logger": "^8.0.5",
        "dotenv-flow": "^4.1.0",
        "octokit": "^5.0.5",
        "resend": "^6.27.0",
        "uuid": "^14.0.2",
        "yaml": "^2.9.0",
      },
    },
  },
  "packages": {
    "@cookids/server": ["@cookids/server@workspace:packages/server"],

    "@octokit/app": ["@octokit/app@16.1.4", "", { "dependencies": { "@octokit/auth-app": "^8.3.0", "@octokit/auth-unauthenticated": "^7.0.4", "@octokit/core": "^7.0.7", "@octokit/oauth-app": "^8.0.4", "@octokit/plugin-paginate-rest": "^15.0.0", "@octokit/types": "^17.0.0", "@octokit/webhooks": "^14.0.0" } }, "sha512-g70WONQyGoBgqIJtv4O0MUEfOF1iJpTfFt3qAW7HaiwiJ6k607xg/gBezCa4tuq6BpO6qXn7qvq8v9tjWtgGQg=="],

    "@octokit/auth-app": ["@octokit/auth-app@8.3.1", "", { "dependencies": { "@octokit/auth-oauth-app": "^9.0.5", "@octokit/auth-oauth-user": "^6.0.4", "@octokit/request": "^10.0.16", "@octokit/request-error": "^7.1.2", "@octokit/types": "^18.0.0", "toad-cache": "^3.7.0", "universal-github-app-jwt": "^2.2.0", "universal-user-agent": "^7.0.0" } }, "sha512-XHWxZsF4mvGTQCv7AOxgby9t9OjVO19FBuKq+QmyBxFrf+B2hR/P5j/MTF8g95bITf8cRtR17KIXThpFNqiKbg=="],

    "@octokit/auth-oauth-app": ["@octokit/auth-oauth-app@9.0.5", "", { "dependencies": { "@octokit/auth-oauth-device": "^8.0.5", "@octokit/auth-oauth-user": "^6.0.4", "@octokit/request": "^10.0.16", "@octokit/types": "^18.0.0", "universal-user-agent": "^7.0.0" } }, "sha512-Hn2yAlIDjFLGjAz7t+CRu7e9VYoFW1W3LLyOLyahFoJGlCf4PtDkHKtRET8w/2CJpsrC0FxIF5g5Xtx9E4O78w=="],

    "@octokit/auth-oauth-device": ["@octokit/auth-oauth-device@8.0.5", "", { "dependencies": { "@octokit/oauth-methods": "^6.0.5", "@octokit/request": "^10.0.16", "@octokit/types": "^18.0.0", "universal-user-agent": "^7.0.0" } }, "sha512-kdJtjRhykMLJrMdcoC56XUBDfoUAuWEFKpkDxwYim+bNwYw1MreLolk+PLnwEYT8djm589YepeMuJ8+ECAIzVQ=="],

    "@octokit/auth-oauth-user": ["@octokit/auth-oauth-user@6.0.4", "", { "dependencies": { "@octokit/auth-oauth-device": "^8.0.5", "@octokit/oauth-methods": "^6.0.5", "@octokit/request": "^10.0.16", "@octokit/types": "^18.0.0", "universal-user-agent": "^7.0.0" } }, "sha512-eya2pMJ9pCBq1jrm1Rf6J3NI+NemEpzDMLo9J/GpRoK0KgdxIVXWX4LESIfwJ+GYeoq6QFIlUJNi1lVp5FBgmw=="],

    "@octokit/auth-token": ["@octokit/auth-token@6.0.0", "", {}, "sha512-P4YJBPdPSpWTQ1NU4XYdvHvXJJDxM6YwpS0FZHRgP7YFkdVxsWcpWGy/NVqlAA7PcPCnMacXlRm1y2PFZRWL/w=="],

    "@octokit/auth-unauthenticated": ["@octokit/auth-unauthenticated@7.0.5", "", { "dependencies": { "@octokit/request-error": "^7.1.2", "@octokit/types": "^18.0.0" } }, "sha512-KBzGMM8hRgtGKDe8JqvDdhHj+7PWHRo1qxz9pQ5WT1162DLdC6O5jL+kRFk3VfpCnEfc3bUYZ2vOwI9vx8yUXA=="],

    "@octokit/core": ["@octokit/core@7.0.8", "", { "dependencies": { "@octokit/auth-token": "^6.0.0", "@octokit/graphql": "^9.0.5", "@octokit/request": "^10.0.16", "@octokit/request-error": "^7.1.2", "@octokit/types": "^18.0.0", "before-after-hook": "^4.0.0", "universal-user-agent": "^7.0.0" } }, "sha512-L7y8eYc+AwxGr2PWI4WFt1VG4TiJ66c26BD16mXpYIlXxG0SMigM1+m4aTSlYyBr5BlQsGAlz8uDCoZN4SEMcg=="],

    "@octokit/endpoint": ["@octokit/endpoint@11.0.5", "", { "dependencies": { "@octokit/types": "^18.0.0", "universal-user-agent": "^7.0.2" } }, "sha512-iXa654H3yFafF/ieHkukfbgWo2rmXD2ceD0ZOtrPhw1bc3FDch1d9N/TNs0FQ1/cIbwb7kspUX8jzIs8nzb9DQ=="],

    "@octokit/graphql": ["@octokit/graphql@9.0.5", "", { "dependencies": { "@octokit/request": "^10.0.16", "@octokit/types": "^18.0.0", "universal-user-agent": "^7.0.0" } }, "sha512-bt/hm03LeU6Vy7FwTrkkC9p3XGT/lBwClglMqxBSe5/q0E5CdJTXeAqEI0vlw89/LF/G6tryTIH8HirZ3prMVg=="],

    "@octokit/oauth-app": ["@octokit/oauth-app@8.0.4", "", { "dependencies": { "@octokit/auth-oauth-app": "^9.0.4", "@octokit/auth-oauth-user": "^6.0.3", "@octokit/auth-unauthenticated": "^7.0.4", "@octokit/core": "^7.0.7", "@octokit/oauth-authorization-url": "^8.0.0", "@octokit/oauth-methods": "^6.0.3", "@types/aws-lambda": "^8.10.83", "universal-user-agent": "^7.0.0" } }, "sha512-Ji5JpRwAJcbOJkO4ij0tW6+GrQ8efpICnAca3o5xI8/HUNjqJu3hhG4cCZdXAHMKaOaQTFX0Yl+cpu61Rsx94A=="],

    "@octokit/oauth-authorization-url": ["@octokit/oauth-authorization-url@8.0.0", "", {}, "sha512-7QoLPRh/ssEA/HuHBHdVdSgF8xNLz/Bc5m9fZkArJE5bb6NmVkDm3anKxXPmN1zh6b5WKZPRr3697xKT/yM3qQ=="],

    "@octokit/oauth-methods": ["@octokit/oauth-methods@6.0.5", "", { "dependencies": { "@octokit/oauth-authorization-url": "^8.0.0", "@octokit/request": "^10.0.16", "@octokit/request-error": "^7.1.2", "@octokit/types": "^18.0.0" } }, "sha512-/mAz7taDZD7DcV4zcG6TDw3Kr6TOldmYBRpvA62C3WIxRMmcgX8XxsTvVQomqKE7VEk/BgYhUao1aR2tYGyIKg=="],

    "@octokit/openapi-types": ["@octokit/openapi-types@27.0.0", "", {}, "sha512-whrdktVs1h6gtR+09+QsNk2+FO+49j6ga1c55YZudfEG+oKJVvJLQi3zkOm5JjiUXAagWK2tI2kTGKJ2Ys7MGA=="],

    "@octokit/openapi-webhooks-types": ["@octokit/openapi-webhooks-types@12.1.0", "", {}, "sha512-WiuzhOsiOvb7W3Pvmhf8d2C6qaLHXrWiLBP4nJ/4kydu+wpagV5Fkz9RfQwV2afYzv3PB+3xYgp4mAdNGjDprA=="],

    "@octokit/plugin-paginate-graphql": ["@octokit/plugin-paginate-graphql@6.0.0", "", { "peerDependencies": { "@octokit/core": ">=6" } }, "sha512-crfpnIoFiBtRkvPqOyLOsw12XsveYuY2ieP6uYDosoUegBJpSVxGwut9sxUgFFcll3VTOTqpUf8yGd8x1OmAkQ=="],

    "@octokit/plugin-paginate-rest": ["@octokit/plugin-paginate-rest@14.0.0", "", { "dependencies": { "@octokit/types": "^16.0.0" }, "peerDependencies": { "@octokit/core": ">=6" } }, "sha512-fNVRE7ufJiAA3XUrha2omTA39M6IXIc6GIZLvlbsm8QOQCYvpq/LkMNGyFlB1d8hTDzsAXa3OKtybdMAYsV/fw=="],

    "@octokit/plugin-rest-endpoint-methods": ["@octokit/plugin-rest-endpoint-methods@17.0.0", "", { "dependencies": { "@octokit/types": "^16.0.0" }, "peerDependencies": { "@octokit/core": ">=6" } }, "sha512-B5yCyIlOJFPqUUeiD0cnBJwWJO8lkJs5d8+ze9QDP6SvfiXSz1BF+91+0MeI1d2yxgOhU/O+CvtiZ9jSkHhFAw=="],

    "@octokit/plugin-retry": ["@octokit/plugin-retry@8.1.1", "", { "dependencies": { "@octokit/request-error": "^7.1.1", "@octokit/types": "^17.0.0", "bottleneck": "^2.15.3" }, "peerDependencies": { "@octokit/core": ">=7" } }, "sha512-VCVvZ/R1+u3WuiBWpNavZ0mY4aaJNAsENrpBP9aLSR2QyOpQgd7DhM5j4AW7z4MQpnJYgwBPf0XqPQoNBRdQwg=="],

    "@octokit/plugin-throttling": ["@octokit/plugin-throttling@11.0.5", "", { "dependencies": { "@octokit/types": "^17.0.0", "bottleneck": "^2.15.3" }, "peerDependencies": { "@octokit/core": "^7.0.0" } }, "sha512-LIdrkrUv+DWbKeg/49rGuFJ3SU0d3hUS+B4MhNZLepBoNUFXms8Ic9edJjrlx+zycqJHjrMRudVpVb/bAXM2Lw=="],

    "@octokit/request": ["@octokit/request@10.0.16", "", { "dependencies": { "@octokit/endpoint": "^11.0.5", "@octokit/request-error": "^7.1.2", "@octokit/types": "^18.0.0", "content-type": "^3.0.0", "json-with-bigint": "^3.5.12", "universal-user-agent": "^7.0.2" } }, "sha512-A0zWGjHzISIb+9ccG8s0dq7LKO5zVpJLRICjgUb+sJxEWqn8RUHB1rD3AE51+PECvXHIxqZ1VVvs4fHTSD9nUQ=="],

    "@octokit/request-error": ["@octokit/request-error@7.1.2", "", { "dependencies": { "@octokit/types": "^18.0.0" } }, "sha512-XZRuT3xZ84D3gYErI1DZvhJ33dCWVV6uzBtWkaBB4TvA/L6eOeTZodxLFVB44bBEEo3vEx7y00UfX1tBLrtLRg=="],

    "@octokit/types": ["@octokit/types@16.0.0", "", { "dependencies": { "@octokit/openapi-types": "^27.0.0" } }, "sha512-sKq+9r1Mm4efXW1FCk7hFSeJo4QKreL/tTbR0rz/qx/r1Oa2VV83LTA/H/MuCOX7uCIJmQVRKBcbmWoySjAnSg=="],

    "@octokit/webhooks": ["@octokit/webhooks@14.2.0", "", { "dependencies": { "@octokit/openapi-webhooks-types": "12.1.0", "@octokit/request-error": "^7.0.0", "@octokit/webhooks-methods": "^6.0.0" } }, "sha512-da6KbdNCV5sr1/txD896V+6W0iamFWrvVl8cHkBSPT+YlvmT3DwXa4jxZnQc+gnuTEqSWbBeoSZYTayXH9wXcw=="],

    "@octokit/webhooks-methods": ["@octokit/webhooks-methods@6.0.0", "", {}, "sha512-MFlzzoDJVw/GcbfzVC1RLR36QqkTLUf79vLVO3D+xn7r0QgxnFoLZgtrzxiQErAjFUOdH6fas2KeQJ1yr/qaXQ=="],

    "@stablelib/base64": ["@stablelib/base64@1.0.1", "", {}, "sha512-1bnPQqSxSuc3Ii6MhBysoWCg58j97aUjuCSZrGSmDxNqtytIi0k8utUenAwTZN4V5mXXYGsVUI9zeBqy+jBOSQ=="],

    "@tsed/ajv": ["@tsed/ajv@8.38.4", "", { "dependencies": { "ajv-errors": "3.0.0", "ajv-formats": "3.0.1", "tslib": ">=2.7.0" }, "peerDependencies": { "@tsed/core": ">=8.0.0", "@tsed/di": ">=8.0.0", "@tsed/exceptions": ">=8.0.0", "@tsed/schema": ">=8.0.0", "ajv": ">=8.9.0" } }, "sha512-OEhJTCVs11LVwzLJ6N1ZUDQRA6hQnAC6H5ApWxMrMDO2m4HGt+gGzNhxRYiiF/IUkTqwoF0oIxx5S9JC3iXoTA=="],

    "@tsed/core": ["@tsed/core@8.38.4", "", { "dependencies": { "reflect-metadata": "^0.2.2", "tslib": ">=2.7.0" } }, "sha512-+EpE53NdJL+rV+shH7GvmhtE8isk0pYi9cvjt9SD8HhsMZmRSA7FReHH/jWci6zcG+ZtaTlj0AQUC4hi3oGftQ=="],

    "@tsed/di": ["@tsed/di@8.38.4", "", { "dependencies": { "tslib": ">=2.7.0", "uuid": "^14.0.0" }, "peerDependencies": { "@tsed/core": ">=8.0.0", "@tsed/hooks": ">=8.0.0", "@tsed/logger": ">=8.0.0" } }, "sha512-oBKi4Zo6ocjPjEfPuuNK6VinF0z/RJrE5vBWGhn38qgtySB6qIwQna98WKjBvt2vslp8gUQFTvzKVzGXjSrDKw=="],

    "@tsed/exceptions": ["@tsed/exceptions@8.38.4", "", { "dependencies": { "change-case": "^5.4.4", "statuses": "^2.0.1", "tslib": ">=2.7.0" }, "peerDependencies": { "@tsed/core": ">=8.0.0" } }, "sha512-Z2CvtdFPtBSduovZVnW/0HNltZQFnSAG6Mmd6iJ01CRI16/2EonUWiGUedQyqzOH5ou54PZn2Y0rJ0Uu044nbA=="],

    "@tsed/hooks": ["@tsed/hooks@8.38.4", "", { "dependencies": { "reflect-metadata": "^0.2.2", "tslib": ">=2.7.0" } }, "sha512-z7aHljzguvv5/TvrvQwuWU7QsAfB4mf4GLXhLOe7lOhhZB33xHi8pe93XOyl/GmG5v4QslH00Ipz/11iTLOq2A=="],

    "@tsed/json-mapper": ["@tsed/json-mapper@8.38.4", "", { "dependencies": { "tslib": ">=2.7.0" }, "peerDependencies": { "@tsed/core": ">=8.0.0", "@tsed/schema": ">=8.0.0" } }, "sha512-IYjHLJHmk3+p+Ihe7MhsPm0uRyhRTyC9VzGw/WII1vAw6LDtW9N/z51dJKf44ljQv7zgJ0/SOcZGJWYn/IbKiw=="],

    "@tsed/logger": ["@tsed/logger@8.0.5", "", { "dependencies": { "colors": "1.4.0", "semver": "^7.7.2", "tslib": "2.8.1" } }, "sha512-C5ZNQ5iglOKXiK8C+yQeCcupFi429f2u53gLmX27tnIwoTpyHeX76tTvQx+AxXIvv712LSxmsNR8wka7fBDkVw=="],

    "@tsed/openspec": ["@tsed/openspec@8.38.4", "", {}, "sha512-fY4YGhxlY4QJNka0apHXsIYi9M6yy/Wlr+eMybPCsUI3F33WoNUMXXO9ABN4Jf9Oqu48RzM2gzFyiO2Chy8pdQ=="],

    "@tsed/schema": ["@tsed/schema@8.38.4", "", { "dependencies": { "@tsed/openspec": "8.38.4", "change-case": "^5.4.4", "json-schema": "0.4.0", "picomatch": "4.0.4", "statuses": "^2.0.1", "tslib": ">=2.7.0" }, "peerDependencies": { "@tsed/core": ">=8.0.0", "@tsed/hooks": ">=8.0.0" } }, "sha512-4Yb0A3JztezaDjWYe5ZB9dd4bGPSCLoDKKU/ZEIbshNNhDnRXqn/EY8iGC5cSnJNmcpzIDm9QWfc8zTQBotnAA=="],

    "@types/aws-lambda": ["@types/aws-lambda@8.10.163", "", {}, "sha512-+4zuoEB3S8RIhimtOFT7zAEk2SbpwrKjjGl9CyYnQR6k08uynxfauIIB0pDU1ssr05F8oyGiETwpn+8eXZMqPw=="],

    "@types/bun": ["@types/bun@1.4.2", "", { "dependencies": { "bun-types": "1.4.2" } }, "sha512-GimotNn7+ZV0uVArItBbriZsR1oNf0+WTzPkdcFrzShI7k2norL0uzEaJT8T33dWr7O/c9ZDuAFQrctKCi72oQ=="],

    "@types/node": ["@types/node@22.20.2", "", { "dependencies": { "undici-types": "~6.21.0" } }, "sha512-xlvWf4Vs9n1PEVYwP1n4vvG07M6y8WgvJ2t0vbrWTmijsIHp1cS+uJ2kMIRdY3nHZK0nCYKrPeD171+SzF4/zw=="],

    "ajv": ["ajv@8.20.0", "", { "dependencies": { "fast-deep-equal": "^3.1.3", "fast-uri": "^3.0.1", "json-schema-traverse": "^1.0.0", "require-from-string": "^2.0.2" } }, "sha512-Thbli+OlOj+iMPYFBVBfJ3OmCAnaSyNn4M1vz9T6Gka5Jt9ba/HIR56joy65tY6kx/FCF5VXNB819Y7/GUrBGA=="],

    "ajv-errors": ["ajv-errors@3.0.0", "", { "peerDependencies": { "ajv": "^8.0.1" } }, "sha512-V3wD15YHfHz6y0KdhYFjyy9vWtEVALT9UrxfN3zqlI6dMioHnJrqOYfyPKol3oqrnCM9uwkcdCwkJ0WUcbLMTQ=="],

    "ajv-formats": ["ajv-formats@3.0.1", "", { "dependencies": { "ajv": "^8.0.0" } }, "sha512-8iUql50EUR+uUcdRQ3HDqa6EVyo3docL8g5WJ3FNcWmu62IbkGUue/pEyLBW8VGKKucTPgqeks4fIU1DA4yowQ=="],

    "before-after-hook": ["before-after-hook@4.0.0", "", {}, "sha512-q6tR3RPqIB1pMiTRMFcZwuG5T8vwp+vUvEG0vuI6B+Rikh5BfPp2fQ82c925FOs+b0lcFQ8CFrL+KbilfZFhOQ=="],

    "bottleneck": ["bottleneck@2.19.5", "", {}, "sha512-VHiNCbI1lKdl44tGrhNfU3lup0Tj/ZBMJB5/2ZbNXRCPuRCO7ed2mgcK4r17y+KB2EfuYuRaVlwNbAeaWGSpbw=="],

    "bun-types": ["bun-types@1.4.2", "", { "dependencies": { "@types/node": "*" } }, "sha512-bxV1FgK7yBIzjRe5zBozIM4Bem11ZJcCXSrjWRG3YWLt8yFDePu4cLjpebO8OvPeIE9trbyPF4fuj3Cia4Fj3w=="],

    "change-case": ["change-case@5.4.4", "", {}, "sha512-HRQyTk2/YPEkt9TnUPbOpr64Uw3KOicFWPVBb+xiHvd6eBx/qPr9xqfBFDT8P2vWsvvz4jbEkfDe71W3VyNu2w=="],

    "colors": ["colors@1.4.0", "", {}, "sha512-a+UqTh4kgZg/SlGvfbzDHpgRu7AAQOmmqRHJnxhRZICKFUT91brVhNNt58CMWU9PsBbv3PDCZUHbVxuDiH2mtA=="],

    "content-type": ["content-type@3.0.0", "", {}, "sha512-AIi5H6p0xk5uknXcN3/rmhP8jgp69OfSe/JuKiQAFprJ7UGw7mwj7m4XcmDzlrnJDG+cGpphAINGdU3g3g7kDw=="],

    "dotenv": ["dotenv@16.6.1", "", {}, "sha512-uBq4egWHTcTt33a72vpSG0z3HnPuIl6NqYcTrKEg2azoEyl2hpW0zqlxysq2pK9HlDIHyHyakeYaYnSAwd8bow=="],

    "dotenv-flow": ["dotenv-flow@4.1.0", "", { "dependencies": { "dotenv": "^16.0.0" } }, "sha512-0cwP9jpQBQfyHwvE0cRhraZMkdV45TQedA8AAUZMsFzvmLcQyc1HPv+oX0OOYwLFjIlvgVepQ+WuQHbqDaHJZg=="],

    "fast-deep-equal": ["fast-deep-equal@3.1.3", "", {}, "sha512-f3qQ9oQy9j2AhBe/H9VC91wLmKBCCU/gDOnKNAYG5hswO7BLKj09Hc5HYNz9cGI++xlpDCIgDaitVs03ATR84Q=="],

    "fast-sha256": ["fast-sha256@1.3.0", "", {}, "sha512-n11RGP/lrWEFI/bWdygLxhI+pVeo1ZYIVwvvPkW7azl/rOy+F3HYRZ2K5zeE9mmkhQppyv9sQFx0JM9UabnpPQ=="],

    "fast-uri": ["fast-uri@3.1.7", "", {}, "sha512-dOvZVzjdZdz7phd9v6jCbwxrBW3fK6n8Rc0CtdmM4bumzMnxywBYhuph6J819RRw/ku+rLbelwfMunktuzVVHg=="],

    "json-schema": ["json-schema@0.4.0", "", {}, "sha512-es94M3nTIfsEPisRafak+HDLfHXnKBhV3vU5eqPcS3flIWqcxJWgXHXiey3YrpaNsanY5ei1VoYEbOzijuq9BA=="],

    "json-schema-traverse": ["json-schema-traverse@1.0.0", "", {}, "sha512-NM8/P9n3XjXhIZn1lLhkFaACTOURQXjWhV4BA/RnOv8xvgqtqpAX9IO4mRQxSx1Rlo4tqzeqb0sOlruaOy3dug=="],

    "json-with-bigint": ["json-with-bigint@3.5.12", "", {}, "sha512-uwbF/wSSuOgC7qqlq27Xp5B6a2MHVug3t0idZdTqu0JnlFvgJuH7ju+KAk/J06C7GfhoYy2gnb9wz2INqcne7w=="],

    "octokit": ["octokit@5.0.5", "", { "dependencies": { "@octokit/app": "^16.1.2", "@octokit/core": "^7.0.6", "@octokit/oauth-app": "^8.0.3", "@octokit/plugin-paginate-graphql": "^6.0.0", "@octokit/plugin-paginate-rest": "^14.0.0", "@octokit/plugin-rest-endpoint-methods": "^17.0.0", "@octokit/plugin-retry": "^8.0.3", "@octokit/plugin-throttling": "^11.0.3", "@octokit/request-error": "^7.0.2", "@octokit/types": "^16.0.0", "@octokit/webhooks": "^14.0.0" } }, "sha512-4+/OFSqOjoyULo7eN7EA97DE0Xydj/PW5aIckxqQIoFjFwqXKuFCvXUJObyJfBF9Khu4RL/jlDRI9FPaMGfPnw=="],

    "picomatch": ["picomatch@4.0.4", "", {}, "sha512-QP88BAKvMam/3NxH6vj2o21R6MjxZUAd6nlwAS/pnGvN9IVLocLHxGYIzFhg6fUQ+5th6P4dv4eW9jX3DSIj7A=="],

    "postal-mime": ["postal-mime@2.7.5", "", {}, "sha512-GNEXKvWFQnbgO5NlrGzVa0FmWzBZ24PersAWErttSg1Hjpf0ATxTwS5DOMGaOpTG6bUh5cTr7xi0jAD942wCJA=="],

    "reflect-metadata": ["reflect-metadata@0.2.2", "", {}, "sha512-urBwgfrvVP/eAyXx4hluJivBKzuEbSQs9rKWCrCkbSxNv8mxPcUZKeuoF3Uy4mJl3Lwprp6yy5/39VWigZ4K6Q=="],

    "require-from-string": ["require-from-string@2.0.2", "", {}, "sha512-Xf0nWe6RseziFMu+Ap9biiUbmplq6S9/p+7w7YXP/JBHhrUDDUhwa+vANyubuqfZWTveU//DYVGsDG7RKL/vEw=="],

    "resend": ["resend@6.27.0", "", { "dependencies": { "postal-mime": "2.7.5", "standardwebhooks": "1.0.0" }, "peerDependencies": { "@react-email/render": "*" }, "optionalPeers": ["@react-email/render"] }, "sha512-5Auh9GWkmKteeEM7rG45j7JRQVsKaQG0Okk4Ev0Pekh+1qfclRsmd4alZ3Kx0AqEosnZjEe/kCXf9jxfGaPZtg=="],

    "semver": ["semver@7.8.5", "", { "bin": { "semver": "bin/semver.js" } }, "sha512-Y7/KDsb8LjooZpwaqGyulO6DQlksgCncchHGk+sZIY4SBvUocMBEFH5Ur1fI4dV+Jvl0w6cjvucaIi40puRioA=="],

    "standardwebhooks": ["standardwebhooks@1.0.0", "", { "dependencies": { "@stablelib/base64": "^1.0.0", "fast-sha256": "^1.3.0" } }, "sha512-BbHGOQK9olHPMvQNHWul6MYlrRTAOKn03rOe4A8O3CLWhNf4YHBqq2HJKKC+sfqpxiBY52pNeesD6jIiLDz8jg=="],

    "statuses": ["statuses@2.0.2", "", {}, "sha512-DvEy55V3DB7uknRo+4iOGT5fP1slR8wQohVdknigZPMpMstaKJQWhwiYBACJE3Ul2pTnATihhBYnRhZQHGBiRw=="],

    "toad-cache": ["toad-cache@3.7.4", "", {}, "sha512-m1TdR/rvT7kgGJZhspNtXdsdYk0fddFpJJFlG5s+UkPFo6lkLoZ3YLOaovPYjq1R75NP5JfeTlSHaOsE09peCg=="],

    "tslib": ["tslib@2.8.1", "", {}, "sha512-oJFu94HQb+KVduSUQL7wnpmqnfmLsOA/nAh6b6EH0wCEoK0/mPeXU6c3wKDV83MkOuHPRHtSXKKU99IBazS/2w=="],

    "typescript": ["typescript@6.0.3", "", { "bin": { "tsc": "bin/tsc", "tsserver": "bin/tsserver" } }, "sha512-y2TvuxSZPDyQakkFRPZHKFm+KKVqIisdg9/CZwm9ftvKXLP8NRWj38/ODjNbr43SsoXqNuAisEf1GdCxqWcdBw=="],

    "undici-types": ["undici-types@6.21.0", "", {}, "sha512-iwDZqg0QAGrg9Rav5H4n0M64c3mkR59cJ6wQp+7C4nI0gsmExaedaYLNO44eT4AtBBwjbTiGPMlt2Md0T9H9JQ=="],

    "universal-github-app-jwt": ["universal-github-app-jwt@2.2.2", "", {}, "sha512-dcmbeSrOdTnsjGjUfAlqNDJrhxXizjAz94ija9Qw8YkZ1uu0d+GoZzyH+Jb9tIIqvGsadUfwg+22k5aDqqwzbw=="],

    "universal-user-agent": ["universal-user-agent@7.0.3", "", {}, "sha512-TmnEAEAsBJVZM/AADELsK76llnwcf9vMKuPz8JflO1frO8Lchitr0fNaN9d+Ap0BjKtqWqd/J17qeDnXh8CL2A=="],

    "uuid": ["uuid@14.0.2", "", { "bin": { "uuid": "dist-node/bin/uuid" } }, "sha512-xZe/16rV4aa+HGSOCiY2YeLT1OybRLrrkL/Rqaq7p7GMVXjFh+6wN4oMYgjFmnSnhY8t6Xpdl2l9qmnHYuMHwQ=="],

    "yaml": ["yaml@2.9.0", "", { "bin": { "yaml": "bin.mjs" } }, "sha512-2AvhNX3mb8zd6Zy7INTtSpl1F15HW6Wnqj0srWlkKLcpYl/gMIMJiyuGq2KeI2YFxUPjdlB+3Lc10seMLtL4cA=="],

    "@octokit/app/@octokit/plugin-paginate-rest": ["@octokit/plugin-paginate-rest@15.0.0", "", { "dependencies": { "@octokit/types": "^17.0.0" }, "peerDependencies": { "@octokit/core": ">=6" } }, "sha512-lw9A9YL5s4VPj+VEx8uMxaxQm2YTgrPDkrLEuZuu18R8TK3oPcXF4K6t52nx6xn1RcogZC9i188sAr/4XYJaQQ=="],

    "@octokit/app/@octokit/types": ["@octokit/types@17.0.0", "", { "dependencies": { "@octokit/openapi-types": "^28.0.0" } }, "sha512-ByP1v7YL5SMveFPP7+sj0/ZuWCOOg/Chs4NafOMpq6WNIM/hdGY0S7C0TCGDBWu1aGmOxmUIhMx3cO+IdwYZ1Q=="],

    "@octokit/auth-app/@octokit/types": ["@octokit/types@18.0.0", "", { "dependencies": { "@octokit/openapi-types": "^29.0.1" } }, "sha512-l6bAF43PNxkJp6g+W4PjoUSSkxHomXw2nOum5CTftJz1NlV3vu93NImgOYtLf6CbBUb5j+fiuzW0PPQ5JTSvZA=="],

    "@octokit/auth-oauth-app/@octokit/types": ["@octokit/types@18.0.0", "", { "dependencies": { "@octokit/openapi-types": "^29.0.1" } }, "sha512-l6bAF43PNxkJp6g+W4PjoUSSkxHomXw2nOum5CTftJz1NlV3vu93NImgOYtLf6CbBUb5j+fiuzW0PPQ5JTSvZA=="],

    "@octokit/auth-oauth-device/@octokit/types": ["@octokit/types@18.0.0", "", { "dependencies": { "@octokit/openapi-types": "^29.0.1" } }, "sha512-l6bAF43PNxkJp6g+W4PjoUSSkxHomXw2nOum5CTftJz1NlV3vu93NImgOYtLf6CbBUb5j+fiuzW0PPQ5JTSvZA=="],

    "@octokit/auth-oauth-user/@octokit/types": ["@octokit/types@18.0.0", "", { "dependencies": { "@octokit/openapi-types": "^29.0.1" } }, "sha512-l6bAF43PNxkJp6g+W4PjoUSSkxHomXw2nOum5CTftJz1NlV3vu93NImgOYtLf6CbBUb5j+fiuzW0PPQ5JTSvZA=="],

    "@octokit/auth-unauthenticated/@octokit/types": ["@octokit/types@18.0.0", "", { "dependencies": { "@octokit/openapi-types": "^29.0.1" } }, "sha512-l6bAF43PNxkJp6g+W4PjoUSSkxHomXw2nOum5CTftJz1NlV3vu93NImgOYtLf6CbBUb5j+fiuzW0PPQ5JTSvZA=="],

    "@octokit/core/@octokit/types": ["@octokit/types@18.0.0", "", { "dependencies": { "@octokit/openapi-types": "^29.0.1" } }, "sha512-l6bAF43PNxkJp6g+W4PjoUSSkxHomXw2nOum5CTftJz1NlV3vu93NImgOYtLf6CbBUb5j+fiuzW0PPQ5JTSvZA=="],

    "@octokit/endpoint/@octokit/types": ["@octokit/types@18.0.0", "", { "dependencies": { "@octokit/openapi-types": "^29.0.1" } }, "sha512-l6bAF43PNxkJp6g+W4PjoUSSkxHomXw2nOum5CTftJz1NlV3vu93NImgOYtLf6CbBUb5j+fiuzW0PPQ5JTSvZA=="],

    "@octokit/graphql/@octokit/types": ["@octokit/types@18.0.0", "", { "dependencies": { "@octokit/openapi-types": "^29.0.1" } }, "sha512-l6bAF43PNxkJp6g+W4PjoUSSkxHomXw2nOum5CTftJz1NlV3vu93NImgOYtLf6CbBUb5j+fiuzW0PPQ5JTSvZA=="],

    "@octokit/oauth-methods/@octokit/types": ["@octokit/types@18.0.0", "", { "dependencies": { "@octokit/openapi-types": "^29.0.1" } }, "sha512-l6bAF43PNxkJp6g+W4PjoUSSkxHomXw2nOum5CTftJz1NlV3vu93NImgOYtLf6CbBUb5j+fiuzW0PPQ5JTSvZA=="],

    "@octokit/plugin-retry/@octokit/types": ["@octokit/types@17.0.0", "", { "dependencies": { "@octokit/openapi-types": "^28.0.0" } }, "sha512-ByP1v7YL5SMveFPP7+sj0/ZuWCOOg/Chs4NafOMpq6WNIM/hdGY0S7C0TCGDBWu1aGmOxmUIhMx3cO+IdwYZ1Q=="],

    "@octokit/plugin-throttling/@octokit/types": ["@octokit/types@17.0.0", "", { "dependencies": { "@octokit/openapi-types": "^28.0.0" } }, "sha512-ByP1v7YL5SMveFPP7+sj0/ZuWCOOg/Chs4NafOMpq6WNIM/hdGY0S7C0TCGDBWu1aGmOxmUIhMx3cO+IdwYZ1Q=="],

    "@octokit/request/@octokit/types": ["@octokit/types@18.0.0", "", { "dependencies": { "@octokit/openapi-types": "^29.0.1" } }, "sha512-l6bAF43PNxkJp6g+W4PjoUSSkxHomXw2nOum5CTftJz1NlV3vu93NImgOYtLf6CbBUb5j+fiuzW0PPQ5JTSvZA=="],

    "@octokit/request-error/@octokit/types": ["@octokit/types@18.0.0", "", { "dependencies": { "@octokit/openapi-types": "^29.0.1" } }, "sha512-l6bAF43PNxkJp6g+W4PjoUSSkxHomXw2nOum5CTftJz1NlV3vu93NImgOYtLf6CbBUb5j+fiuzW0PPQ5JTSvZA=="],

    "@octokit/app/@octokit/types/@octokit/openapi-types": ["@octokit/openapi-types@28.0.0", "", {}, "sha512-0rFyLuyHvIj6uuZWuDslxkowFYdPXoNIkeAv4b27dzm2Tf4vGWXnPsMcxs7d65kLdMERgP3wc1AEPlqMz8e1cQ=="],

    "@octokit/auth-app/@octokit/types/@octokit/openapi-types": ["@octokit/openapi-types@29.0.1", "", {}, "sha512-9qWOMFNxxLokERcms42rU0PTLqQmVs7g5E41TI4mCOxmpFayD1rfC7XxOL55cG9MBZLFlC31BrR37myMKardwg=="],

    "@octokit/auth-oauth-app/@octokit/types/@octokit/openapi-types": ["@octokit/openapi-types@29.0.1", "", {}, "sha512-9qWOMFNxxLokERcms42rU0PTLqQmVs7g5E41TI4mCOxmpFayD1rfC7XxOL55cG9MBZLFlC31BrR37myMKardwg=="],

    "@octokit/auth-oauth-device/@octokit/types/@octokit/openapi-types": ["@octokit/openapi-types@29.0.1", "", {}, "sha512-9qWOMFNxxLokERcms42rU0PTLqQmVs7g5E41TI4mCOxmpFayD1rfC7XxOL55cG9MBZLFlC31BrR37myMKardwg=="],

    "@octokit/auth-oauth-user/@octokit/types/@octokit/openapi-types": ["@octokit/openapi-types@29.0.1", "", {}, "sha512-9qWOMFNxxLokERcms42rU0PTLqQmVs7g5E41TI4mCOxmpFayD1rfC7XxOL55cG9MBZLFlC31BrR37myMKardwg=="],

    "@octokit/auth-unauthenticated/@octokit/types/@octokit/openapi-types": ["@octokit/openapi-types@29.0.1", "", {}, "sha512-9qWOMFNxxLokERcms42rU0PTLqQmVs7g5E41TI4mCOxmpFayD1rfC7XxOL55cG9MBZLFlC31BrR37myMKardwg=="],

    "@octokit/core/@octokit/types/@octokit/openapi-types": ["@octokit/openapi-types@29.0.1", "", {}, "sha512-9qWOMFNxxLokERcms42rU0PTLqQmVs7g5E41TI4mCOxmpFayD1rfC7XxOL55cG9MBZLFlC31BrR37myMKardwg=="],

    "@octokit/endpoint/@octokit/types/@octokit/openapi-types": ["@octokit/openapi-types@29.0.1", "", {}, "sha512-9qWOMFNxxLokERcms42rU0PTLqQmVs7g5E41TI4mCOxmpFayD1rfC7XxOL55cG9MBZLFlC31BrR37myMKardwg=="],

    "@octokit/graphql/@octokit/types/@octokit/openapi-types": ["@octokit/openapi-types@29.0.1", "", {}, "sha512-9qWOMFNxxLokERcms42rU0PTLqQmVs7g5E41TI4mCOxmpFayD1rfC7XxOL55cG9MBZLFlC31BrR37myMKardwg=="],

    "@octokit/oauth-methods/@octokit/types/@octokit/openapi-types": ["@octokit/openapi-types@29.0.1", "", {}, "sha512-9qWOMFNxxLokERcms42rU0PTLqQmVs7g5E41TI4mCOxmpFayD1rfC7XxOL55cG9MBZLFlC31BrR37myMKardwg=="],

    "@octokit/plugin-retry/@octokit/types/@octokit/openapi-types": ["@octokit/openapi-types@28.0.0", "", {}, "sha512-0rFyLuyHvIj6uuZWuDslxkowFYdPXoNIkeAv4b27dzm2Tf4vGWXnPsMcxs7d65kLdMERgP3wc1AEPlqMz8e1cQ=="],

    "@octokit/plugin-throttling/@octokit/types/@octokit/openapi-types": ["@octokit/openapi-types@28.0.0", "", {}, "sha512-0rFyLuyHvIj6uuZWuDslxkowFYdPXoNIkeAv4b27dzm2Tf4vGWXnPsMcxs7d65kLdMERgP3wc1AEPlqMz8e1cQ=="],

    "@octokit/request-error/@octokit/types/@octokit/openapi-types": ["@octokit/openapi-types@29.0.1", "", {}, "sha512-9qWOMFNxxLokERcms42rU0PTLqQmVs7g5E41TI4mCOxmpFayD1rfC7XxOL55cG9MBZLFlC31BrR37myMKardwg=="],

    "@octokit/request/@octokit/types/@octokit/openapi-types": ["@octokit/openapi-types@29.0.1", "", {}, "sha512-9qWOMFNxxLokERcms42rU0PTLqQmVs7g5E41TI4mCOxmpFayD1rfC7XxOL55cG9MBZLFlC31BrR37myMKardwg=="],
  }
}
